{
		"name": "tiro-notes",
		"version": "0.27.6",
		"lockfileVersion": 2,
		"requires": true,
		"packages": {
				"": {
						"name": "tiro-notes",
						"version": "0.27.6",
						"license": "ISC",
						"dependencies": {
								"app-root-dir": "^1.0.2"
						},
						"bin": {
								"tiro-notes": "cli.js"
						}
				},
				"node_modules/app-root-dir": {
						"version": "1.0.2",
						"resolved": "https://registry.npmjs.org/app-root-dir/-/app-root-dir-1.0.2.tgz",
						"integrity": "sha1-OBh+wt6nV3//Az/8sSFyaS/24Rg="
				}
		},
		"dependencies": {
				"app-root-dir": {
						"version": "1.0.2",
						"resolved": "https://registry.npmjs.org/app-root-dir/-/app-root-dir-1.0.2.tgz",
						"integrity": "sha1-OBh+wt6nV3//Az/8sSFyaS/24Rg="
				}
		}
}
