{
  "name": "shared",
  "version": "1.0.0",
  "lockfileVersion": 1,
  "requires": true,
  "dependencies": {
    "lodash": {
      "version": "4.17.20",
      "resolved": "https://registry.npmjs.org/lodash/-/lodash-4.17.20.tgz",
      "integrity": "sha512-PlhdFcillOINfeV7Ni6oF1TAEayyZBoZ8bcshTHqOYJYlrqzRK5hagpagky5o4HfCzzd1TRkXPMFq6cKk9rGmA=="
    },
    "verbal-expressions": {
      "version": "1.0.2",
      "resolved": "https://registry.npmjs.org/verbal-expressions/-/verbal-expressions-1.0.2.tgz",
      "integrity": "sha512-LV8eG4ckcg1iIhGjOF+j1jb0b58m1DgGywce+2U8kbRrB5wZnGe4XCyUyOujZR9D/+rJGXTmxnL30o3zAgmC4w=="
    }
  }
}
